github.com/Fix-Pay/gowsdl v1.0.0 h1:WjKuWbJGz1Wiv1t4RL2/waKmSC7OS9cxA07AVPpn13Y=
github.com/Fix-Pay/gowsdl v1.0.0/go.mod h1:T60SjnJxU9r6hrw0aCdwRfebGlqtL5Za0C5WphPVHNA=
github.com/Fix-Pay/gowsdl v1.0.1 h1:ooXxktU1bdau9Gk9KC7enNv5+Mc10DDEQBNP9tSxCng=
github.com/Fix-Pay/gowsdl v1.0.1/go.mod h1:T60SjnJxU9r6hrw0aCdwRfebGlqtL5Za0C5WphPVHNA=
github.com/Fix-Pay/gowsdl v1.0.2 h1:g6baTYdd+rwE9BNLppG0a+EoVsN5jp9MdhTCgaIK8ZU=
github.com/Fix-Pay/gowsdl v1.0.2/go.mod h1:T60SjnJxU9r6hrw0aCdwRfebGlqtL5Za0C5WphPVHNA=
github.com/Fix-Pay/gowsdl v1.0.3 h1:H+3ljxcYJQF63ajhUy6gYhQlleKJVmaS+sx6DCnI68Y=
github.com/Fix-Pay/gowsdl v1.0.3/go.mod h1:T60SjnJxU9r6hrw0aCdwRfebGlqtL5Za0C5WphPVHNA=
github.com/Fix-Pay/gowsdl v1.0.4 h1:/7D6gmxMOw8yEqJ4ZcMD111BXYayQiVuAsn/nLIQLO0=
github.com/Fix-Pay/gowsdl v1.0.4/go.mod h1:T60SjnJxU9r6hrw0aCdwRfebGlqtL5Za0C5WphPVHNA=
github.com/Fix-Pay/gowsdl v1.0.5 h1:O/EiPNgoaOo1Shyt655yYAPC5sMvgXUjtn2DRcJsVXo=
github.com/Fix-Pay/gowsdl v1.0.5/go.mod h1:T60SjnJxU9r6hrw0aCdwRfebGlqtL5Za0C5WphPVHNA=
github.com/Fix-Pay/gowsdl v1.0.6 h1:W5O8UQcJG7p38P+Os9CB10vzGgbu94HU8HjfoZlfI90=
github.com/Fix-Pay/gowsdl v1.0.6/go.mod h1:T60SjnJxU9r6hrw0aCdwRfebGlqtL5Za0C5WphPVHNA=
github.com/Fix-Pay/gowsdl v1.0.7 h1:0eJgkcEKPiZ0Lz1EpvgdTossYnWtDpZMpNZL87kXYkc=
github.com/Fix-Pay/gowsdl v1.0.7/go.mod h1:T60SjnJxU9r6hrw0aCdwRfebGlqtL5Za0C5WphPVHNA=
github.com/Fix-Pay/gowsdl v1.0.8 h1:cmwhCmV8CTo5X1afVigVS3yWYiVuVdOw6ZC4n3Xl9kE=
github.com/Fix-Pay/gowsdl v1.0.8/go.mod h1:T60SjnJxU9r6hrw0aCdwRfebGlqtL5Za0C5WphPVHNA=
github.com/Fix-Pay/gowsdl v1.0.9 h1:UIL/Z7XR81SmwXHFUXN8xz1qHDOMrFCsOZxcXDYoplI=
github.com/Fix-Pay/gowsdl v1.0.9/go.mod h1:T60SjnJxU9r6hrw0aCdwRfebGlqtL5Za0C5WphPVHNA=
github.com/Fix-Pay/gowsdl v1.0.10 h1:6Em09XCAH14nNOJBl5Dzg2OVF9NzaM+tkTL8Fd/iaZA=
github.com/Fix-Pay/gowsdl v1.0.10/go.mod h1:T60SjnJxU9r6hrw0aCdwRfebGlqtL5Za0C5WphPVHNA=
github.com/Fix-Pay/gowsdl v1.0.11 h1:MjyXFUKsNfKEKjhDgftNIHjFvpNyUTpbzpvXQRB7HNA=
github.com/Fix-Pay/gowsdl v1.0.11/go.mod h1:T60SjnJxU9r6hrw0aCdwRfebGlqtL5Za0C5WphPVHNA=
github.com/Fix-Pay/gowsdl v1.0.12 h1:QwD7VmBnWvag/GdG9fFjdyMp2hfV+gY8owAuP/dVXDk=
github.com/Fix-Pay/gowsdl v1.0.12/go.mod h1:T60SjnJxU9r6hrw0aCdwRfebGlqtL5Za0C5WphPVHNA=
github.com/Fix-Pay/gowsdl v1.0.13 h1:/LV6k5b6ZiVPI5cr+7e33DWZXuh/OpHhOZXpqEiOHqQ=
github.com/Fix-Pay/gowsdl v1.0.13/go.mod h1:T60SjnJxU9r6hrw0aCdwRfebGlqtL5Za0C5WphPVHNA=
github.com/Fix-Pay/gowsdl v1.0.14 h1:g59vEmNVosSvZtVfldzUfoH4F2dauqJRc7tbfANoac4=
github.com/Fix-Pay/gowsdl v1.0.14/go.mod h1:T60SjnJxU9r6hrw0aCdwRfebGlqtL5Za0C5WphPVHNA=
github.com/Fix-Pay/gowsdl v1.0.15 h1:dCQGPijm7xVEaiXKWQqpTJ4l4jRyuD6wSzMkkfEL5LQ=
github.com/Fix-Pay/gowsdl v1.0.15/go.mod h1:T60SjnJxU9r6hrw0aCdwRfebGlqtL5Za0C5WphPVHNA=
github.com/Fix-Pay/gowsdl v1.0.16 h1:8lRfwN8ZRbAq40fcNw4k2FBA+EcFMZ/3ZBtnmOO2vIY=
github.com/Fix-Pay/gowsdl v1.0.16/go.mod h1:T60SjnJxU9r6hrw0aCdwRfebGlqtL5Za0C5WphPVHNA=
github.com/Fix-Pay/gowsdl v1.0.17 h1:wQih/05gf/QCVohEAKPPKW5jYDvQqs4eSwDzYHKrARg=
github.com/Fix-Pay/gowsdl v1.0.17/go.mod h1:T60SjnJxU9r6hrw0aCdwRfebGlqtL5Za0C5WphPVHNA=
github.com/Fix-Pay/gowsdl v1.0.19 h1:gqyvghU1/2JTLvmZETTTGDwxQMJ5ATkE2PydpD7lONM=
github.com/Fix-Pay/gowsdl v1.0.19/go.mod h1:T60SjnJxU9r6hrw0aCdwRfebGlqtL5Za0C5WphPVHNA=
github.com/Fix-Pay/gowsdl v1.0.20 h1:pkHrNSWxf62t9pAWSViJ2+Gg8Fe5AGNSj8eeOwr+qSY=
github.com/Fix-Pay/gowsdl v1.0.20/go.mod h1:T60SjnJxU9r6hrw0aCdwRfebGlqtL5Za0C5WphPVHNA=
github.com/Fix-Pay/gowsdl v1.0.21 h1:ru5hH0GRE3s5Cz9pSWK/TuoMlKRa5mSURgxyay/L0Fw=
github.com/Fix-Pay/gowsdl v1.0.21/go.mod h1:T60SjnJxU9r6hrw0aCdwRfebGlqtL5Za0C5WphPVHNA=
github.com/davecgh/go-spew v1.1.0/go.mod h1:J7Y8YcW2NihsgmVo/mv3lAwl/skON4iLHjSsI+c5H38=
github.com/pmezard/go-difflib v1.0.0/go.mod h1:iKH77koFhYxTK1pcRnkKkqfTogsbg7gZNVY4sRDYZ/4=
github.com/stretchr/objx v0.1.0/go.mod h1:HFkY916IF+rwdDfMAkV7OtwuqBVzrE8GR6GFx+wExME=
github.com/stretchr/testify v1.6.1/go.mod h1:6Fq8oRcR53rry900zMqJjRRixrwX3KX962/h/Wwjteg=
gopkg.in/check.v1 v0.0.0-20161208181325-20d25e280405/go.mod h1:Co6ibVJAznAaIkqp8huTwlJQCZ016jof/cbN4VW5Yz0=
gopkg.in/yaml.v3 v3.0.0-20200313102051-9f266ea9e77c/go.mod h1:K4uyk7z7BCEPqu6E+C64Yfv1cQ7kz7rIZviUmN+EgEM=
